
Microsoft Visual Studio Solution File, Format Version 12.00
# Visual Studio Version 16
VisualStudioVersion = 16.0.31112.23
MinimumVisualStudioVersion = 10.0.40219.1
Project("{FAE04EC0-301F-11D3-BF4B-00C04F79EFBC}") = "thread_count", "thread_count.csproj", "{A8EF7355-BE4B-4DE0-BBBB-F581A1A1ABFD}"
EndProject
Global
	GlobalSection(SolutionConfigurationPlatforms) = preSolution
		Debug|Any CPU = Debug|Any CPU
		Release|Any CPU = Release|Any CPU
	EndGlobalSection
	GlobalSection(ProjectConfigurationPlatforms) = postSolution
		{A8EF7355-BE4B-4DE0-BBBB-F581A1A1ABFD}.Debug|Any CPU.ActiveCfg = Debug|Any CPU
		{A8EF7355-BE4B-4DE0-BBBB-F581A1A1ABFD}.Debug|Any CPU.Build.0 = Debug|Any CPU
		{A8EF7355-BE4B-4DE0-BBBB-F581A1A1ABFD}.Release|Any CPU.ActiveCfg = Release|Any CPU
		{A8EF7355-BE4B-4DE0-BBBB-F581A1A1ABFD}.Release|Any CPU.Build.0 = Release|Any CPU
	EndGlobalSection
	GlobalSection(SolutionProperties) = preSolution
		HideSolutionNode = FALSE
	EndGlobalSection
	GlobalSection(ExtensibilityGlobals) = postSolution
		SolutionGuid = {C273CAC8-9219-4861-A1B6-456E4266C870}
	EndGlobalSection
EndGlobal
